// !$*UTF8*$!
{
	archiveVersion = 1;
	classes = {
	};
	objectVersion = 46;
	objects = {

/* Begin PBXBuildFile section */
		F416EA481C4927DD0076FDE6 /* UserBuildTableViewController.swift in Sources */ = {isa = PBXBuildFile; fileRef = F416EA471C4927DD0076FDE6 /* UserBuildTableViewController.swift */; settings = {ASSET_TAGS = (); }; };
		F416EA4A1C492A380076FDE6 /* ItemDetailsService.swift in Sources */ = {isa = PBXBuildFile; fileRef = F416EA491C492A380076FDE6 /* ItemDetailsService.swift */; settings = {ASSET_TAGS = (); }; };
		F416EA4C1C492A6E0076FDE6 /* ItemDetail.swift in Sources */ = {isa = PBXBuildFile; fileRef = F416EA4B1C492A6E0076FDE6 /* ItemDetail.swift */; settings = {ASSET_TAGS = (); }; };
		F416EA4E1C492E740076FDE6 /* UserBuildCollectionViewController.swift in Sources */ = {isa = PBXBuildFile; fileRef = F416EA4D1C492E740076FDE6 /* UserBuildCollectionViewController.swift */; settings = {ASSET_TAGS = (); }; };
		F416EA501C4944590076FDE6 /* UserBuild.swift in Sources */ = {isa = PBXBuildFile; fileRef = F416EA4F1C4944590076FDE6 /* UserBuild.swift */; settings = {ASSET_TAGS = (); }; };
		F416EA521C4949780076FDE6 /* UserBuildDetailUICollectionViewController.swift in Sources */ = {isa = PBXBuildFile; fileRef = F416EA511C4949780076FDE6 /* UserBuildDetailUICollectionViewController.swift */; settings = {ASSET_TAGS = (); }; };
		F416EA561C494ED80076FDE6 /* LeagueOfLegendsModel.xcdatamodeld in Sources */ = {isa = PBXBuildFile; fileRef = F416EA541C494ED80076FDE6 /* LeagueOfLegendsModel.xcdatamodeld */; settings = {ASSET_TAGS = (); }; };
		F452D5DD1C05D42000AE6E77 /* AppDelegate.swift in Sources */ = {isa = PBXBuildFile; fileRef = F452D5DC1C05D42000AE6E77 /* AppDelegate.swift */; };
		F452D5E21C05D42000AE6E77 /* Main.storyboard in Resources */ = {isa = PBXBuildFile; fileRef = F452D5E01C05D42000AE6E77 /* Main.storyboard */; };
		F452D5E41C05D42000AE6E77 /* Assets.xcassets in Resources */ = {isa = PBXBuildFile; fileRef = F452D5E31C05D42000AE6E77 /* Assets.xcassets */; };
		F452D5E71C05D42000AE6E77 /* LaunchScreen.storyboard in Resources */ = {isa = PBXBuildFile; fileRef = F452D5E51C05D42000AE6E77 /* LaunchScreen.storyboard */; };
		F452D5F01C05D4C500AE6E77 /* Service.swift in Sources */ = {isa = PBXBuildFile; fileRef = F452D5EF1C05D4C500AE6E77 /* Service.swift */; settings = {ASSET_TAGS = (); }; };
		F452D5F21C05D4E100AE6E77 /* Result.swift in Sources */ = {isa = PBXBuildFile; fileRef = F452D5F11C05D4E100AE6E77 /* Result.swift */; settings = {ASSET_TAGS = (); }; };
		F452D5F51C05D53500AE6E77 /* Champion.swift in Sources */ = {isa = PBXBuildFile; fileRef = F452D5F41C05D53500AE6E77 /* Champion.swift */; settings = {ASSET_TAGS = (); }; };
		F452D5F71C05D9DE00AE6E77 /* Properties.plist in Resources */ = {isa = PBXBuildFile; fileRef = F452D5F61C05D9DE00AE6E77 /* Properties.plist */; settings = {ASSET_TAGS = (); }; };
		F452D5FA1C05DE4A00AE6E77 /* ChampionsViewController.swift in Sources */ = {isa = PBXBuildFile; fileRef = F452D5F91C05DE4A00AE6E77 /* ChampionsViewController.swift */; settings = {ASSET_TAGS = (); }; };
		F452D5FD1C060AD800AE6E77 /* MyCollectionViewCell.swift in Sources */ = {isa = PBXBuildFile; fileRef = F452D5FC1C060AD800AE6E77 /* MyCollectionViewCell.swift */; settings = {ASSET_TAGS = (); }; };
		F452D5FF1C06238700AE6E77 /* StartViewController.swift in Sources */ = {isa = PBXBuildFile; fileRef = F452D5FE1C06238700AE6E77 /* StartViewController.swift */; settings = {ASSET_TAGS = (); }; };
		F452D6011C062FED00AE6E77 /* ChampionDetailViewController.swift in Sources */ = {isa = PBXBuildFile; fileRef = F452D6001C062FED00AE6E77 /* ChampionDetailViewController.swift */; settings = {ASSET_TAGS = (); }; };
		F477B3DC1C0655DD009DD8F9 /* Block.swift in Sources */ = {isa = PBXBuildFile; fileRef = F477B3DB1C0655DD009DD8F9 /* Block.swift */; settings = {ASSET_TAGS = (); }; };
		F477B3DE1C0657A2009DD8F9 /* Item.swift in Sources */ = {isa = PBXBuildFile; fileRef = F477B3DD1C0657A2009DD8F9 /* Item.swift */; settings = {ASSET_TAGS = (); }; };
		F477B3E01C066CA7009DD8F9 /* BuildViewController.swift in Sources */ = {isa = PBXBuildFile; fileRef = F477B3DF1C066CA7009DD8F9 /* BuildViewController.swift */; settings = {ASSET_TAGS = (); }; };
		F477B3E21C067B20009DD8F9 /* ItemService.swift in Sources */ = {isa = PBXBuildFile; fileRef = F477B3E11C067B20009DD8F9 /* ItemService.swift */; settings = {ASSET_TAGS = (); }; };
/* End PBXBuildFile section */

/* Begin PBXFileReference section */
		F416EA471C4927DD0076FDE6 /* UserBuildTableViewController.swift */ = {isa = PBXFileReference; fileEncoding = 4; lastKnownFileType = sourcecode.swift; path = UserBuildTableViewController.swift; sourceTree = "<group>"; };
		F416EA491C492A380076FDE6 /* ItemDetailsService.swift */ = {isa = PBXFileReference; fileEncoding = 4; lastKnownFileType = sourcecode.swift; path = ItemDetailsService.swift; sourceTree = "<group>"; };
		F416EA4B1C492A6E0076FDE6 /* ItemDetail.swift */ = {isa = PBXFileReference; fileEncoding = 4; lastKnownFileType = sourcecode.swift; path = ItemDetail.swift; sourceTree = "<group>"; };
		F416EA4D1C492E740076FDE6 /* UserBuildCollectionViewController.swift */ = {isa = PBXFileReference; fileEncoding = 4; lastKnownFileType = sourcecode.swift; path = UserBuildCollectionViewController.swift; sourceTree = "<group>"; };
		F416EA4F1C4944590076FDE6 /* UserBuild.swift */ = {isa = PBXFileReference; fileEncoding = 4; lastKnownFileType = sourcecode.swift; path = UserBuild.swift; sourceTree = "<group>"; };
		F416EA511C4949780076FDE6 /* UserBuildDetailUICollectionViewController.swift */ = {isa = PBXFileReference; fileEncoding = 4; lastKnownFileType = sourcecode.swift; path = UserBuildDetailUICollectionViewController.swift; sourceTree = "<group>"; };
		F416EA551C494ED80076FDE6 /* LeagueOfLegendsModel.xcdatamodel */ = {isa = PBXFileReference; lastKnownFileType = wrapper.xcdatamodel; path = LeagueOfLegendsModel.xcdatamodel; sourceTree = "<group>"; };
		F452D5D91C05D42000AE6E77 /* League of Legends.app */ = {isa = PBXFileReference; explicitFileType = wrapper.application; includeInIndex = 0; path = "League of Legends.app"; sourceTree = BUILT_PRODUCTS_DIR; };
		F452D5DC1C05D42000AE6E77 /* AppDelegate.swift */ = {isa = PBXFileReference; lastKnownFileType = sourcecode.swift; path = AppDelegate.swift; sourceTree = "<group>"; };
		F452D5E11C05D42000AE6E77 /* Base */ = {isa = PBXFileReference; lastKnownFileType = file.storyboard; name = Base; path = Base.lproj/Main.storyboard; sourceTree = "<group>"; };
		F452D5E31C05D42000AE6E77 /* Assets.xcassets */ = {isa = PBXFileReference; lastKnownFileType = folder.assetcatalog; path = Assets.xcassets; sourceTree = "<group>"; };
		F452D5E61C05D42000AE6E77 /* Base */ = {isa = PBXFileReference; lastKnownFileType = file.storyboard; name = Base; path = Base.lproj/LaunchScreen.storyboard; sourceTree = "<group>"; };
		F452D5E81C05D42000AE6E77 /* Info.plist */ = {isa = PBXFileReference; lastKnownFileType = text.plist.xml; path = Info.plist; sourceTree = "<group>"; };
		F452D5EF1C05D4C500AE6E77 /* Service.swift */ = {isa = PBXFileReference; fileEncoding = 4; lastKnownFileType = sourcecode.swift; path = Service.swift; sourceTree = "<group>"; };
		F452D5F11C05D4E100AE6E77 /* Result.swift */ = {isa = PBXFileReference; fileEncoding = 4; lastKnownFileType = sourcecode.swift; path = Result.swift; sourceTree = "<group>"; };
		F452D5F41C05D53500AE6E77 /* Champion.swift */ = {isa = PBXFileReference; fileEncoding = 4; lastKnownFileType = sourcecode.swift; path = Champion.swift; sourceTree = "<group>"; };
		F452D5F61C05D9DE00AE6E77 /* Properties.plist */ = {isa = PBXFileReference; fileEncoding = 4; lastKnownFileType = text.plist.xml; path = Properties.plist; sourceTree = "<group>"; };
		F452D5F91C05DE4A00AE6E77 /* ChampionsViewController.swift */ = {isa = PBXFileReference; fileEncoding = 4; lastKnownFileType = sourcecode.swift; path = ChampionsViewController.swift; sourceTree = "<group>"; };
		F452D5FC1C060AD800AE6E77 /* MyCollectionViewCell.swift */ = {isa = PBXFileReference; fileEncoding = 4; lastKnownFileType = sourcecode.swift; path = MyCollectionViewCell.swift; sourceTree = "<group>"; };
		F452D5FE1C06238700AE6E77 /* StartViewController.swift */ = {isa = PBXFileReference; fileEncoding = 4; lastKnownFileType = sourcecode.swift; path = StartViewController.swift; sourceTree = "<group>"; };
		F452D6001C062FED00AE6E77 /* ChampionDetailViewController.swift */ = {isa = PBXFileReference; fileEncoding = 4; lastKnownFileType = sourcecode.swift; path = ChampionDetailViewController.swift; sourceTree = "<group>"; };
		F477B3DB1C0655DD009DD8F9 /* Block.swift */ = {isa = PBXFileReference; fileEncoding = 4; lastKnownFileType = sourcecode.swift; path = Block.swift; sourceTree = "<group>"; };
		F477B3DD1C0657A2009DD8F9 /* Item.swift */ = {isa = PBXFileReference; fileEncoding = 4; lastKnownFileType = sourcecode.swift; path = Item.swift; sourceTree = "<group>"; };
		F477B3DF1C066CA7009DD8F9 /* BuildViewController.swift */ = {isa = PBXFileReference; fileEncoding = 4; lastKnownFileType = sourcecode.swift; path = BuildViewController.swift; sourceTree = "<group>"; };
		F477B3E11C067B20009DD8F9 /* ItemService.swift */ = {isa = PBXFileReference; fileEncoding = 4; lastKnownFileType = sourcecode.swift; path = ItemService.swift; sourceTree = "<group>"; };
/* End PBXFileReference section */

/* Begin PBXFrameworksBuildPhase section */
		F452D5D61C05D42000AE6E77 /* Frameworks */ = {
			isa = PBXFrameworksBuildPhase;
			buildActionMask = 2147483647;
			files = (
			);
			runOnlyForDeploymentPostprocessing = 0;
		};
/* End PBXFrameworksBuildPhase section */

/* Begin PBXGroup section */
		F416EA531C494EC10076FDE6 /* Persistence */ = {
			isa = PBXGroup;
			children = (
				F416EA541C494ED80076FDE6 /* LeagueOfLegendsModel.xcdatamodeld */,
			);
			name = Persistence;
			sourceTree = "<group>";
		};
		F452D5D01C05D42000AE6E77 = {
			isa = PBXGroup;
			children = (
				F452D5DB1C05D42000AE6E77 /* League of Legends */,
				F452D5DA1C05D42000AE6E77 /* Products */,
			);
			sourceTree = "<group>";
		};
		F452D5DA1C05D42000AE6E77 /* Products */ = {
			isa = PBXGroup;
			children = (
				F452D5D91C05D42000AE6E77 /* League of Legends.app */,
			);
			name = Products;
			sourceTree = "<group>";
		};
		F452D5DB1C05D42000AE6E77 /* League of Legends */ = {
			isa = PBXGroup;
			children = (
				F416EA531C494EC10076FDE6 /* Persistence */,
				F452D5FB1C060AC100AE6E77 /* Views */,
				F452D5F81C05DDD200AE6E77 /* Controllers */,
				F452D5F31C05D52800AE6E77 /* Model */,
				F452D5EE1C05D4AA00AE6E77 /* Service */,
				F452D5DC1C05D42000AE6E77 /* AppDelegate.swift */,
				F452D5E01C05D42000AE6E77 /* Main.storyboard */,
				F452D5E31C05D42000AE6E77 /* Assets.xcassets */,
				F452D5E51C05D42000AE6E77 /* LaunchScreen.storyboard */,
				F452D5E81C05D42000AE6E77 /* Info.plist */,
				F452D5F61C05D9DE00AE6E77 /* Properties.plist */,
			);
			path = "League of Legends";
			sourceTree = "<group>";
		};
		F452D5EE1C05D4AA00AE6E77 /* Service */ = {
			isa = PBXGroup;
			children = (
				F452D5EF1C05D4C500AE6E77 /* Service.swift */,
				F452D5F11C05D4E100AE6E77 /* Result.swift */,
				F477B3E11C067B20009DD8F9 /* ItemService.swift */,
				F416EA491C492A380076FDE6 /* ItemDetailsService.swift */,
			);
			name = Service;
			sourceTree = "<group>";
		};
		F452D5F31C05D52800AE6E77 /* Model */ = {
			isa = PBXGroup;
			children = (
				F452D5F41C05D53500AE6E77 /* Champion.swift */,
				F477B3DB1C0655DD009DD8F9 /* Block.swift */,
				F477B3DD1C0657A2009DD8F9 /* Item.swift */,
				F416EA4B1C492A6E0076FDE6 /* ItemDetail.swift */,
				F416EA4F1C4944590076FDE6 /* UserBuild.swift */,
			);
			name = Model;
			sourceTree = "<group>";
		};
		F452D5F81C05DDD200AE6E77 /* Controllers */ = {
			isa = PBXGroup;
			children = (
				F452D5F91C05DE4A00AE6E77 /* ChampionsViewController.swift */,
				F452D5FE1C06238700AE6E77 /* StartViewController.swift */,
				F452D6001C062FED00AE6E77 /* ChampionDetailViewController.swift */,
				F477B3DF1C066CA7009DD8F9 /* BuildViewController.swift */,
				F416EA471C4927DD0076FDE6 /* UserBuildTableViewController.swift */,
				F416EA4D1C492E740076FDE6 /* UserBuildCollectionViewController.swift */,
				F416EA511C4949780076FDE6 /* UserBuildDetailUICollectionViewController.swift */,
			);
			name = Controllers;
			sourceTree = "<group>";
		};
		F452D5FB1C060AC100AE6E77 /* Views */ = {
			isa = PBXGroup;
			children = (
				F452D5FC1C060AD800AE6E77 /* MyCollectionViewCell.swift */,
			);
			name = Views;
			sourceTree = "<group>";
		};
/* End PBXGroup section */

/* Begin PBXNativeTarget section */
		F452D5D81C05D42000AE6E77 /* League of Legends */ = {
			isa = PBXNativeTarget;
			buildConfigurationList = F452D5EB1C05D42000AE6E77 /* Build configuration list for PBXNativeTarget "League of Legends" */;
			buildPhases = (
				F452D5D51C05D42000AE6E77 /* Sources */,
				F452D5D61C05D42000AE6E77 /* Frameworks */,
				F452D5D71C05D42000AE6E77 /* Resources */,
			);
			buildRules = (
			);
			dependencies = (
			);
			name = "League of Legends";
			productName = "League of Legends";
			productReference = F452D5D91C05D42000AE6E77 /* League of Legends.app */;
			productType = "com.apple.product-type.application";
		};
/* End PBXNativeTarget section */

/* Begin PBXProject section */
		F452D5D11C05D42000AE6E77 /* Project object */ = {
			isa = PBXProject;
			attributes = {
				LastUpgradeCheck = 0700;
				ORGANIZATIONNAME = "Simon De Boeck";
				TargetAttributes = {
					F452D5D81C05D42000AE6E77 = {
						CreatedOnToolsVersion = 7.0;
					};
				};
			};
			buildConfigurationList = F452D5D41C05D42000AE6E77 /* Build configuration list for PBXProject "League of Legends" */;
			compatibilityVersion = "Xcode 3.2";
			developmentRegion = English;
			hasScannedForEncodings = 0;
			knownRegions = (
				en,
				Base,
			);
			mainGroup = F452D5D01C05D42000AE6E77;
			productRefGroup = F452D5DA1C05D42000AE6E77 /* Products */;
			projectDirPath = "";
			projectRoot = "";
			targets = (
				F452D5D81C05D42000AE6E77 /* League of Legends */,
			);
		};
/* End PBXProject section */

/* Begin PBXResourcesBuildPhase section */
		F452D5D71C05D42000AE6E77 /* Resources */ = {
			isa = PBXResourcesBuildPhase;
			buildActionMask = 2147483647;
			files = (
				F452D5E71C05D42000AE6E77 /* LaunchScreen.storyboard in Resources */,
				F452D5E41C05D42000AE6E77 /* Assets.xcassets in Resources */,
				F452D5E21C05D42000AE6E77 /* Main.storyboard in Resources */,
				F452D5F71C05D9DE00AE6E77 /* Properties.plist in Resources */,
			);
			runOnlyForDeploymentPostprocessing = 0;
		};
/* End PBXResourcesBuildPhase section */

/* Begin PBXSourcesBuildPhase section */
		F452D5D51C05D42000AE6E77 /* Sources */ = {
			isa = PBXSourcesBuildPhase;
			buildActionMask = 2147483647;
			files = (
				F477B3E21C067B20009DD8F9 /* ItemService.swift in Sources */,
				F477B3DE1C0657A2009DD8F9 /* Item.swift in Sources */,
				F452D5FA1C05DE4A00AE6E77 /* ChampionsViewController.swift in Sources */,
				F416EA521C4949780076FDE6 /* UserBuildDetailUICollectionViewController.swift in Sources */,
				F477B3E01C066CA7009DD8F9 /* BuildViewController.swift in Sources */,
				F416EA4A1C492A380076FDE6 /* ItemDetailsService.swift in Sources */,
				F452D5FF1C06238700AE6E77 /* StartViewController.swift in Sources */,
				F416EA4E1C492E740076FDE6 /* UserBuildCollectionViewController.swift in Sources */,
				F452D5F51C05D53500AE6E77 /* Champion.swift in Sources */,
				F452D5FD1C060AD800AE6E77 /* MyCollectionViewCell.swift in Sources */,
				F452D5F21C05D4E100AE6E77 /* Result.swift in Sources */,
				F452D5DD1C05D42000AE6E77 /* AppDelegate.swift in Sources */,
				F477B3DC1C0655DD009DD8F9 /* Block.swift in Sources */,
				F452D6011C062FED00AE6E77 /* ChampionDetailViewController.swift in Sources */,
				F416EA4C1C492A6E0076FDE6 /* ItemDetail.swift in Sources */,
				F416EA561C494ED80076FDE6 /* LeagueOfLegendsModel.xcdatamodeld in Sources */,
				F452D5F01C05D4C500AE6E77 /* Service.swift in Sources */,
				F416EA481C4927DD0076FDE6 /* UserBuildTableViewController.swift in Sources */,
				F416EA501C4944590076FDE6 /* UserBuild.swift in Sources */,
			);
			runOnlyForDeploymentPostprocessing = 0;
		};
/* End PBXSourcesBuildPhase section */

/* Begin PBXVariantGroup section */
		F452D5E01C05D42000AE6E77 /* Main.storyboard */ = {
			isa = PBXVariantGroup;
			children = (
				F452D5E11C05D42000AE6E77 /* Base */,
			);
			name = Main.storyboard;
			sourceTree = "<group>";
		};
		F452D5E51C05D42000AE6E77 /* LaunchScreen.storyboard */ = {
			isa = PBXVariantGroup;
			children = (
				F452D5E61C05D42000AE6E77 /* Base */,
			);
			name = LaunchScreen.storyboard;
			sourceTree = "<group>";
		};
/* End PBXVariantGroup section */

/* Begin XCBuildConfiguration section */
		F452D5E91C05D42000AE6E77 /* Debug */ = {
			isa = XCBuildConfiguration;
			buildSettings = {
				ALWAYS_SEARCH_USER_PATHS = NO;
				CLANG_CXX_LANGUAGE_STANDARD = "gnu++0x";
				CLANG_CXX_LIBRARY = "libc++";
				CLANG_ENABLE_MODULES = YES;
				CLANG_ENABLE_OBJC_ARC = YES;
				CLANG_WARN_BOOL_CONVERSION = YES;
				CLANG_WARN_CONSTANT_CONVERSION = YES;
				CLANG_WARN_DIRECT_OBJC_ISA_USAGE = YES_ERROR;
				CLANG_WARN_EMPTY_BODY = YES;
				CLANG_WARN_ENUM_CONVERSION = YES;
				CLANG_WARN_INT_CONVERSION = YES;
				CLANG_WARN_OBJC_ROOT_CLASS = YES_ERROR;
				CLANG_WARN_UNREACHABLE_CODE = YES;
				CLANG_WARN__DUPLICATE_METHOD_MATCH = YES;
				"CODE_SIGN_IDENTITY[sdk=iphoneos*]" = "iPhone Developer";
				COPY_PHASE_STRIP = NO;
				DEBUG_INFORMATION_FORMAT = dwarf;
				ENABLE_STRICT_OBJC_MSGSEND = YES;
				ENABLE_TESTABILITY = YES;
				GCC_C_LANGUAGE_STANDARD = gnu99;
				GCC_DYNAMIC_NO_PIC = NO;
				GCC_NO_COMMON_BLOCKS = YES;
				GCC_OPTIMIZATION_LEVEL = 0;
				GCC_PREPROCESSOR_DEFINITIONS = (
					"DEBUG=1",
					"$(inherited)",
				);
				GCC_WARN_64_TO_32_BIT_CONVERSION = YES;
				GCC_WARN_ABOUT_RETURN_TYPE = YES_ERROR;
				GCC_WARN_UNDECLARED_SELECTOR = YES;
				GCC_WARN_UNINITIALIZED_AUTOS = YES_AGGRESSIVE;
				GCC_WARN_UNUSED_FUNCTION = YES;
				GCC_WARN_UNUSED_VARIABLE = YES;
				IPHONEOS_DEPLOYMENT_TARGET = 9.0;
				MTL_ENABLE_DEBUG_INFO = YES;
				ONLY_ACTIVE_ARCH = YES;
				SDKROOT = iphoneos;
				SWIFT_OPTIMIZATION_LEVEL = "-Onone";
				TARGETED_DEVICE_FAMILY = "1,2";
			};
			name = Debug;
		};
		F452D5EA1C05D42000AE6E77 /* Release */ = {
			isa = XCBuildConfiguration;
			buildSettings = {
				ALWAYS_SEARCH_USER_PATHS = NO;
				CLANG_CXX_LANGUAGE_STANDARD = "gnu++0x";
				CLANG_CXX_LIBRARY = "libc++";
				CLANG_ENABLE_MODULES = YES;
				CLANG_ENABLE_OBJC_ARC = YES;
				CLANG_WARN_BOOL_CONVERSION = YES;
				CLANG_WARN_CONSTANT_CONVERSION = YES;
				CLANG_WARN_DIRECT_OBJC_ISA_USAGE = YES_ERROR;
				CLANG_WARN_EMPTY_BODY = YES;
				CLANG_WARN_ENUM_CONVERSION = YES;
				CLANG_WARN_INT_CONVERSION = YES;
				CLANG_WARN_OBJC_ROOT_CLASS = YES_ERROR;
				CLANG_WARN_UNREACHABLE_CODE = YES;
				CLANG_WARN__DUPLICATE_METHOD_MATCH = YES;
				"CODE_SIGN_IDENTITY[sdk=iphoneos*]" = "iPhone Developer";
				COPY_PHASE_STRIP = NO;
				DEBUG_INFORMATION_FORMAT = "dwarf-with-dsym";
				ENABLE_NS_ASSERTIONS = NO;
				ENABLE_STRICT_OBJC_MSGSEND = YES;
				GCC_C_LANGUAGE_STANDARD = gnu99;
				GCC_NO_COMMON_BLOCKS = YES;
				GCC_WARN_64_TO_32_BIT_CONVERSION = YES;
				GCC_WARN_ABOUT_RETURN_TYPE = YES_ERROR;
				GCC_WARN_UNDECLARED_SELECTOR = YES;
				GCC_WARN_UNINITIALIZED_AUTOS = YES_AGGRESSIVE;
				GCC_WARN_UNUSED_FUNCTION = YES;
				GCC_WARN_UNUSED_VARIABLE = YES;
				IPHONEOS_DEPLOYMENT_TARGET = 9.0;
				MTL_ENABLE_DEBUG_INFO = NO;
				SDKROOT = iphoneos;
				TARGETED_DEVICE_FAMILY = "1,2";
				VALIDATE_PRODUCT = YES;
			};
			name = Release;
		};
		F452D5EC1C05D42000AE6E77 /* Debug */ = {
			isa = XCBuildConfiguration;
			buildSettings = {
				ASSETCATALOG_COMPILER_APPICON_NAME = AppIcon;
				INFOPLIST_FILE = "League of Legends/Info.plist";
				LD_RUNPATH_SEARCH_PATHS = "$(inherited) @executable_path/Frameworks";
				PRODUCT_BUNDLE_IDENTIFIER = "deboecks.League-of-Legends";
				PRODUCT_NAME = "$(TARGET_NAME)";
			};
			name = Debug;
		};
		F452D5ED1C05D42000AE6E77 /* Release */ = {
			isa = XCBuildConfiguration;
			buildSettings = {
				ASSETCATALOG_COMPILER_APPICON_NAME = AppIcon;
				INFOPLIST_FILE = "League of Legends/Info.plist";
				LD_RUNPATH_SEARCH_PATHS = "$(inherited) @executable_path/Frameworks";
				PRODUCT_BUNDLE_IDENTIFIER = "deboecks.League-of-Legends";
				PRODUCT_NAME = "$(TARGET_NAME)";
			};
			name = Release;
		};
/* End XCBuildConfiguration section */

/* Begin XCConfigurationList section */
		F452D5D41C05D42000AE6E77 /* Build configuration list for PBXProject "League of Legends" */ = {
			isa = XCConfigurationList;
			buildConfigurations = (
				F452D5E91C05D42000AE6E77 /* Debug */,
				F452D5EA1C05D42000AE6E77 /* Release */,
			);
			defaultConfigurationIsVisible = 0;
			defaultConfigurationName = Release;
		};
		F452D5EB1C05D42000AE6E77 /* Build configuration list for PBXNativeTarget "League of Legends" */ = {
			isa = XCConfigurationList;
			buildConfigurations = (
				F452D5EC1C05D42000AE6E77 /* Debug */,
				F452D5ED1C05D42000AE6E77 /* Release */,
			);
			defaultConfigurationIsVisible = 0;
			defaultConfigurationName = Release;
		};
/* End XCConfigurationList section */

/* Begin XCVersionGroup section */
		F416EA541C494ED80076FDE6 /* LeagueOfLegendsModel.xcdatamodeld */ = {
			isa = XCVersionGroup;
			children = (
				F416EA551C494ED80076FDE6 /* LeagueOfLegendsModel.xcdatamodel */,
			);
			currentVersion = F416EA551C494ED80076FDE6 /* LeagueOfLegendsModel.xcdatamodel */;
			path = LeagueOfLegendsModel.xcdatamodeld;
			sourceTree = "<group>";
			versionGroupType = wrapper.xcdatamodel;
		};
/* End XCVersionGroup section */
	};
	rootObject = F452D5D11C05D42000AE6E77 /* Project object */;
}
